
Microsoft Visual Studio Solution File, Format Version 12.00
# Visual Studio 14
VisualStudioVersion = 14.0.24720.0
MinimumVisualStudioVersion = 10.0.40219.1
Project("{2150E333-8FDC-42A3-9474-1A3956D46DE8}") = "src", "src", "{D7F39B70-9120-42E1-BF12-D95E01B0072D}"
EndProject
Project("{2150E333-8FDC-42A3-9474-1A3956D46DE8}") = "Solution Items", "Solution Items", "{A10B02EB-F0D5-42B1-A274-5AB853A8B612}"
	ProjectSection(SolutionItems) = preProject
		global.json = global.json
	EndProjectSection
EndProject
Project("{8BB2217D-0F2D-49D1-97BC-3654ED321F3B}") = "TeammateOnlineApi", "src\TeammateOnlineApi\TeammateOnlineApi.xproj", "{09B6289B-76E1-4CF4-96BE-F80E40CFC3C5}"
EndProject
Global
	GlobalSection(SolutionConfigurationPlatforms) = preSolution
		Debug|Any CPU = Debug|Any CPU
		Release|Any CPU = Release|Any CPU
	EndGlobalSection
	GlobalSection(ProjectConfigurationPlatforms) = postSolution
		{09B6289B-76E1-4CF4-96BE-F80E40CFC3C5}.Debug|Any CPU.ActiveCfg = Debug|Any CPU
		{09B6289B-76E1-4CF4-96BE-F80E40CFC3C5}.Debug|Any CPU.Build.0 = Debug|Any CPU
		{09B6289B-76E1-4CF4-96BE-F80E40CFC3C5}.Release|Any CPU.ActiveCfg = Release|Any CPU
		{09B6289B-76E1-4CF4-96BE-F80E40CFC3C5}.Release|Any CPU.Build.0 = Release|Any CPU
	EndGlobalSection
	GlobalSection(SolutionProperties) = preSolution
		HideSolutionNode = FALSE
	EndGlobalSection
	GlobalSection(NestedProjects) = preSolution
		{09B6289B-76E1-4CF4-96BE-F80E40CFC3C5} = {D7F39B70-9120-42E1-BF12-D95E01B0072D}
	EndGlobalSection
EndGlobal
